
Microsoft Visual Studio Solution File, Format Version 12.00
# Visual Studio Version 17
VisualStudioVersion = 17.4.33213.308
MinimumVisualStudioVersion = 10.0.40219.1
Project("{FAE04EC0-301F-11D3-BF4B-00C04F79EFBC}") = "ConsoleAppSummator", "ConsoleAppSummator\ConsoleAppSummator.csproj", "{4CC32F06-1360-47D1-AC55-AF8A96F7EB93}"
EndProject
Global
	GlobalSection(SolutionConfigurationPlatforms) = preSolution
		Debug|Any CPU = Debug|Any CPU
		Release|Any CPU = Release|Any CPU
	EndGlobalSection
	GlobalSection(ProjectConfigurationPlatforms) = postSolution
		{4CC32F06-1360-47D1-AC55-AF8A96F7EB93}.Debug|Any CPU.ActiveCfg = Debug|Any CPU
		{4CC32F06-1360-47D1-AC55-AF8A96F7EB93}.Debug|Any CPU.Build.0 = Debug|Any CPU
		{4CC32F06-1360-47D1-AC55-AF8A96F7EB93}.Release|Any CPU.ActiveCfg = Release|Any CPU
		{4CC32F06-1360-47D1-AC55-AF8A96F7EB93}.Release|Any CPU.Build.0 = Release|Any CPU
	EndGlobalSection
	GlobalSection(SolutionProperties) = preSolution
		HideSolutionNode = FALSE
	EndGlobalSection
	GlobalSection(ExtensibilityGlobals) = postSolution
		SolutionGuid = {2656652D-65C8-4EC8-832B-46BA3FDB6F7C}
	EndGlobalSection
EndGlobal
